
Microsoft Visual Studio Solution File, Format Version 12.00
# Visual Studio Version 16
VisualStudioVersion = 16.0.30804.86
MinimumVisualStudioVersion = 10.0.40219.1
Project("{9A19103F-16F7-4668-BE54-9A1E7A4F7556}") = "ClassMetotDemo", "ClassMetotDemo\ClassMetotDemo.csproj", "{34BC8065-73ED-49FD-A7EE-944FB7DEF538}"
EndProject
Global
	GlobalSection(SolutionConfigurationPlatforms) = preSolution
		Debug|Any CPU = Debug|Any CPU
		Release|Any CPU = Release|Any CPU
	EndGlobalSection
	GlobalSection(ProjectConfigurationPlatforms) = postSolution
		{34BC8065-73ED-49FD-A7EE-944FB7DEF538}.Debug|Any CPU.ActiveCfg = Debug|Any CPU
		{34BC8065-73ED-49FD-A7EE-944FB7DEF538}.Debug|Any CPU.Build.0 = Debug|Any CPU
		{34BC8065-73ED-49FD-A7EE-944FB7DEF538}.Release|Any CPU.ActiveCfg = Release|Any CPU
		{34BC8065-73ED-49FD-A7EE-944FB7DEF538}.Release|Any CPU.Build.0 = Release|Any CPU
	EndGlobalSection
	GlobalSection(SolutionProperties) = preSolution
		HideSolutionNode = FALSE
	EndGlobalSection
	GlobalSection(ExtensibilityGlobals) = postSolution
		SolutionGuid = {CDC1F9DF-CC70-49C3-BC1B-57A8FDF7E59B}
	EndGlobalSection
EndGlobal
